
Microsoft Visual Studio Solution File, Format Version 12.00
# Visual Studio 15
VisualStudioVersion = 15.0.26124.0
MinimumVisualStudioVersion = 15.0.26124.0
Project("{FAE04EC0-301F-11D3-BF4B-00C04F79EFBC}") = "Simbolo", "Simbolo\Simbolo.csproj", "{33C5A580-E421-4CDB-A6ED-7A859C5B5B52}"
EndProject
Project("{FAE04EC0-301F-11D3-BF4B-00C04F79EFBC}") = "Simbolo.NativeLib", "Simbolo.NativeLib\Simbolo.NativeLib.csproj", "{BD6361B7-3EA7-43DF-B4F1-BBC1EFA104F7}"
EndProject
Project("{FAE04EC0-301F-11D3-BF4B-00C04F79EFBC}") = "Simbolo.Console", "Simbolo.Console\Simbolo.Console.csproj", "{111841B0-3A56-4996-B2EE-72B3EDF7B6BA}"
EndProject
Project("{FAE04EC0-301F-11D3-BF4B-00C04F79EFBC}") = "Simbolo.Backend", "Simbolo.Backend\Simbolo.Backend.csproj", "{39C9C93A-AB10-4B4B-93C4-5C7655A764F8}"
EndProject
Global
	GlobalSection(SolutionConfigurationPlatforms) = preSolution
		Debug|Any CPU = Debug|Any CPU
		Debug|x64 = Debug|x64
		Debug|x86 = Debug|x86
		Release|Any CPU = Release|Any CPU
		Release|x64 = Release|x64
		Release|x86 = Release|x86
	EndGlobalSection
	GlobalSection(SolutionProperties) = preSolution
		HideSolutionNode = FALSE
	EndGlobalSection
	GlobalSection(ProjectConfigurationPlatforms) = postSolution
		{33C5A580-E421-4CDB-A6ED-7A859C5B5B52}.Debug|Any CPU.ActiveCfg = Debug|Any CPU
		{33C5A580-E421-4CDB-A6ED-7A859C5B5B52}.Debug|Any CPU.Build.0 = Debug|Any CPU
		{33C5A580-E421-4CDB-A6ED-7A859C5B5B52}.Debug|x64.ActiveCfg = Debug|Any CPU
		{33C5A580-E421-4CDB-A6ED-7A859C5B5B52}.Debug|x64.Build.0 = Debug|Any CPU
		{33C5A580-E421-4CDB-A6ED-7A859C5B5B52}.Debug|x86.ActiveCfg = Debug|Any CPU
		{33C5A580-E421-4CDB-A6ED-7A859C5B5B52}.Debug|x86.Build.0 = Debug|Any CPU
		{33C5A580-E421-4CDB-A6ED-7A859C5B5B52}.Release|Any CPU.ActiveCfg = Release|Any CPU
		{33C5A580-E421-4CDB-A6ED-7A859C5B5B52}.Release|Any CPU.Build.0 = Release|Any CPU
		{33C5A580-E421-4CDB-A6ED-7A859C5B5B52}.Release|x64.ActiveCfg = Release|Any CPU
		{33C5A580-E421-4CDB-A6ED-7A859C5B5B52}.Release|x64.Build.0 = Release|Any CPU
		{33C5A580-E421-4CDB-A6ED-7A859C5B5B52}.Release|x86.ActiveCfg = Release|Any CPU
		{33C5A580-E421-4CDB-A6ED-7A859C5B5B52}.Release|x86.Build.0 = Release|Any CPU
		{BD6361B7-3EA7-43DF-B4F1-BBC1EFA104F7}.Debug|Any CPU.ActiveCfg = Debug|Any CPU
		{BD6361B7-3EA7-43DF-B4F1-BBC1EFA104F7}.Debug|Any CPU.Build.0 = Debug|Any CPU
		{BD6361B7-3EA7-43DF-B4F1-BBC1EFA104F7}.Debug|x64.ActiveCfg = Debug|Any CPU
		{BD6361B7-3EA7-43DF-B4F1-BBC1EFA104F7}.Debug|x64.Build.0 = Debug|Any CPU
		{BD6361B7-3EA7-43DF-B4F1-BBC1EFA104F7}.Debug|x86.ActiveCfg = Debug|Any CPU
		{BD6361B7-3EA7-43DF-B4F1-BBC1EFA104F7}.Debug|x86.Build.0 = Debug|Any CPU
		{BD6361B7-3EA7-43DF-B4F1-BBC1EFA104F7}.Release|Any CPU.ActiveCfg = Release|Any CPU
		{BD6361B7-3EA7-43DF-B4F1-BBC1EFA104F7}.Release|Any CPU.Build.0 = Release|Any CPU
		{BD6361B7-3EA7-43DF-B4F1-BBC1EFA104F7}.Release|x64.ActiveCfg = Release|Any CPU
		{BD6361B7-3EA7-43DF-B4F1-BBC1EFA104F7}.Release|x64.Build.0 = Release|Any CPU
		{BD6361B7-3EA7-43DF-B4F1-BBC1EFA104F7}.Release|x86.ActiveCfg = Release|Any CPU
		{BD6361B7-3EA7-43DF-B4F1-BBC1EFA104F7}.Release|x86.Build.0 = Release|Any CPU
		{111841B0-3A56-4996-B2EE-72B3EDF7B6BA}.Debug|Any CPU.ActiveCfg = Debug|Any CPU
		{111841B0-3A56-4996-B2EE-72B3EDF7B6BA}.Debug|Any CPU.Build.0 = Debug|Any CPU
		{111841B0-3A56-4996-B2EE-72B3EDF7B6BA}.Debug|x64.ActiveCfg = Debug|Any CPU
		{111841B0-3A56-4996-B2EE-72B3EDF7B6BA}.Debug|x64.Build.0 = Debug|Any CPU
		{111841B0-3A56-4996-B2EE-72B3EDF7B6BA}.Debug|x86.ActiveCfg = Debug|Any CPU
		{111841B0-3A56-4996-B2EE-72B3EDF7B6BA}.Debug|x86.Build.0 = Debug|Any CPU
		{111841B0-3A56-4996-B2EE-72B3EDF7B6BA}.Release|Any CPU.ActiveCfg = Release|Any CPU
		{111841B0-3A56-4996-B2EE-72B3EDF7B6BA}.Release|Any CPU.Build.0 = Release|Any CPU
		{111841B0-3A56-4996-B2EE-72B3EDF7B6BA}.Release|x64.ActiveCfg = Release|Any CPU
		{111841B0-3A56-4996-B2EE-72B3EDF7B6BA}.Release|x64.Build.0 = Release|Any CPU
		{111841B0-3A56-4996-B2EE-72B3EDF7B6BA}.Release|x86.ActiveCfg = Release|Any CPU
		{111841B0-3A56-4996-B2EE-72B3EDF7B6BA}.Release|x86.Build.0 = Release|Any CPU
		{39C9C93A-AB10-4B4B-93C4-5C7655A764F8}.Debug|Any CPU.ActiveCfg = Debug|Any CPU
		{39C9C93A-AB10-4B4B-93C4-5C7655A764F8}.Debug|Any CPU.Build.0 = Debug|Any CPU
		{39C9C93A-AB10-4B4B-93C4-5C7655A764F8}.Debug|x64.ActiveCfg = Debug|Any CPU
		{39C9C93A-AB10-4B4B-93C4-5C7655A764F8}.Debug|x64.Build.0 = Debug|Any CPU
		{39C9C93A-AB10-4B4B-93C4-5C7655A764F8}.Debug|x86.ActiveCfg = Debug|Any CPU
		{39C9C93A-AB10-4B4B-93C4-5C7655A764F8}.Debug|x86.Build.0 = Debug|Any CPU
		{39C9C93A-AB10-4B4B-93C4-5C7655A764F8}.Release|Any CPU.ActiveCfg = Release|Any CPU
		{39C9C93A-AB10-4B4B-93C4-5C7655A764F8}.Release|Any CPU.Build.0 = Release|Any CPU
		{39C9C93A-AB10-4B4B-93C4-5C7655A764F8}.Release|x64.ActiveCfg = Release|Any CPU
		{39C9C93A-AB10-4B4B-93C4-5C7655A764F8}.Release|x64.Build.0 = Release|Any CPU
		{39C9C93A-AB10-4B4B-93C4-5C7655A764F8}.Release|x86.ActiveCfg = Release|Any CPU
		{39C9C93A-AB10-4B4B-93C4-5C7655A764F8}.Release|x86.Build.0 = Release|Any CPU
	EndGlobalSection
EndGlobal
